
Microsoft Visual Studio Solution File, Format Version 12.00
Project("{FAE04EC0-301F-11D3-BF4B-00C04F79EFBC}") = "SnakeCore", "SnakeCore\SnakeCore.csproj", "{C4455B85-933B-4B48-9176-86C3111B6842}"
EndProject
Project("{FAE04EC0-301F-11D3-BF4B-00C04F79EFBC}") = "SnakeWPF", "SnakeWPF\SnakeWPF.csproj", "{C549F972-60FE-44DF-8638-CD3413E8854D}"
EndProject
Project("{FAE04EC0-301F-11D3-BF4B-00C04F79EFBC}") = "SnakeWebpage", "SnakeWebpage\SnakeWebpage.csproj", "{901831E2-A370-4AD2-B0C7-562A6524F856}"
EndProject
Project("{FAE04EC0-301F-11D3-BF4B-00C04F79EFBC}") = "SnakeConsole", "SnakeConsole\SnakeConsole.csproj", "{B3FBEF9F-31CF-4614-A230-765590C6D661}"
EndProject
Global
	GlobalSection(SolutionConfigurationPlatforms) = preSolution
		Debug|Any CPU = Debug|Any CPU
		Release|Any CPU = Release|Any CPU
	EndGlobalSection
	GlobalSection(ProjectConfigurationPlatforms) = postSolution
		{C4455B85-933B-4B48-9176-86C3111B6842}.Debug|Any CPU.ActiveCfg = Debug|Any CPU
		{C4455B85-933B-4B48-9176-86C3111B6842}.Debug|Any CPU.Build.0 = Debug|Any CPU
		{C4455B85-933B-4B48-9176-86C3111B6842}.Release|Any CPU.ActiveCfg = Release|Any CPU
		{C4455B85-933B-4B48-9176-86C3111B6842}.Release|Any CPU.Build.0 = Release|Any CPU
		{C549F972-60FE-44DF-8638-CD3413E8854D}.Debug|Any CPU.ActiveCfg = Debug|Any CPU
		{C549F972-60FE-44DF-8638-CD3413E8854D}.Debug|Any CPU.Build.0 = Debug|Any CPU
		{C549F972-60FE-44DF-8638-CD3413E8854D}.Release|Any CPU.ActiveCfg = Release|Any CPU
		{C549F972-60FE-44DF-8638-CD3413E8854D}.Release|Any CPU.Build.0 = Release|Any CPU
		{901831E2-A370-4AD2-B0C7-562A6524F856}.Debug|Any CPU.ActiveCfg = Debug|Any CPU
		{901831E2-A370-4AD2-B0C7-562A6524F856}.Debug|Any CPU.Build.0 = Debug|Any CPU
		{901831E2-A370-4AD2-B0C7-562A6524F856}.Release|Any CPU.ActiveCfg = Release|Any CPU
		{901831E2-A370-4AD2-B0C7-562A6524F856}.Release|Any CPU.Build.0 = Release|Any CPU
		{B3FBEF9F-31CF-4614-A230-765590C6D661}.Debug|Any CPU.ActiveCfg = Debug|Any CPU
		{B3FBEF9F-31CF-4614-A230-765590C6D661}.Debug|Any CPU.Build.0 = Debug|Any CPU
		{B3FBEF9F-31CF-4614-A230-765590C6D661}.Release|Any CPU.ActiveCfg = Release|Any CPU
		{B3FBEF9F-31CF-4614-A230-765590C6D661}.Release|Any CPU.Build.0 = Release|Any CPU
	EndGlobalSection
EndGlobal
